<Solution>
  <Folder Name="/Task0/">
    <Project Path="Tyuiu.MikhailichenkoAI.Sprint3.Task0.V17.Lib/Tyuiu.MikhailichenkoAI.Sprint3.Task0.V17.Lib.csproj" />
    <Project Path="Tyuiu.MikhailichenkoAI.Sprint3.Task0.V17.Test/Tyuiu.MikhailichenkoAI.Sprint3.Task0.V17.Test.csproj" />
    <Project Path="Tyuiu.MikhailichenkoAI.Sprint3.Task0.V17/Tyuiu.MikhailichenkoAI.Sprint3.Task0.V17.csproj" />
  </Folder>
  <Folder Name="/Task1/">
    <Project Path="Tyuiu.MikhailichenkoAI.Sprint3.Task1.V24.Lib/Tyuiu.MikhailichenkoAI.Sprint3.Task1.V24.Lib.csproj" />
    <Project Path="Tyuiu.MikhailichenkoAI.Sprint3.Task1.V24.Test/Tyuiu.MikhailichenkoAI.Sprint3.Task1.V24.Test.csproj" />
    <Project Path="Tyuiu.MikhailichenkoAI.Sprint3.Task1.V24/Tyuiu.MikhailichenkoAI.Sprint3.Task1.V24.csproj" />
  </Folder>
  <Folder Name="/Task2/">
    <Project Path="Tyuiu.MikhailichenkoAI.Sprint3.Task2.V4.Lib/Tyuiu.MikhailichenkoAI.Sprint3.Task2.V4.Lib.csproj" />
    <Project Path="Tyuiu.MikhailichenkoAI.Sprint3.Task2.V4.Test/Tyuiu.MikhailichenkoAI.Sprint3.Task2.V4.Test.csproj" />
    <Project Path="Tyuiu.MikhailichenkoAI.Sprint3.Task2.V4/Tyuiu.MikhailichenkoAI.Sprint3.Task2.V4.csproj" />
  </Folder>
  <Folder Name="/Task3/">
    <Project Path="Tyuiu.MikhailichenkoAI.Sprint3.Task3.V28.Lib/Tyuiu.MikhailichenkoAI.Sprint3.Task3.V28.Lib.csproj" />
    <Project Path="Tyuiu.MikhailichenkoAI.Sprint3.Task3.V28.Test/Tyuiu.MikhailichenkoAI.Sprint3.Task3.V28.Test.csproj" />
    <Project Path="Tyuiu.MikhailichenkoAI.Sprint3.Task3.V28/Tyuiu.MikhailichenkoAI.Sprint3.Task3.V28.csproj" />
  </Folder>
</Solution>
