<Solution>
  <Folder Name="/Task0/">
    <Project Path="Tyuiu.MikhailichenkoAI.Sprint3.Task0.V17.Lib/Tyuiu.MikhailichenkoAI.Sprint3.Task0.V17.Lib.csproj" />
    <Project Path="Tyuiu.MikhailichenkoAI.Sprint3.Task0.V17.Test/Tyuiu.MikhailichenkoAI.Sprint3.Task0.V17.Test.csproj" />
    <Project Path="Tyuiu.MikhailichenkoAI.Sprint3.Task0.V17/Tyuiu.MikhailichenkoAI.Sprint3.Task0.V17.csproj" />
  </Folder>
  <Folder Name="/Task1/">
    <Project Path="Tyuiu.MikhailichenkoAI.Sprint3.Task1.V24.Lib/Tyuiu.MikhailichenkoAI.Sprint3.Task1.V24.Lib.csproj" />
    <Project Path="Tyuiu.MikhailichenkoAI.Sprint3.Task1.V24.Test/Tyuiu.MikhailichenkoAI.Sprint3.Task1.V24.Test.csproj" />
    <Project Path="Tyuiu.MikhailichenkoAI.Sprint3.Task1.V24/Tyuiu.MikhailichenkoAI.Sprint3.Task1.V24.csproj" />
  </Folder>
  <Folder Name="/Task2/">
    <Project Path="Tyuiu.MikhailichenkoAI.Sprint3.Task2.V4.Lib/Tyuiu.MikhailichenkoAI.Sprint3.Task2.V4.Lib.csproj" />
    <Project Path="Tyuiu.MikhailichenkoAI.Sprint3.Task2.V4.Test/Tyuiu.MikhailichenkoAI.Sprint3.Task2.V4.Test.csproj" />
    <Project Path="Tyuiu.MikhailichenkoAI.Sprint3.Task2.V4/Tyuiu.MikhailichenkoAI.Sprint3.Task2.V4.csproj" />
  </Folder>
  <Folder Name="/Task3/">
    <Project Path="Tyuiu.MikhailichenkoAI.Sprint3.Task3.V28.Lib/Tyuiu.MikhailichenkoAI.Sprint3.Task3.V28.Lib.csproj" />
    <Project Path="Tyuiu.MikhailichenkoAI.Sprint3.Task3.V28.Test/Tyuiu.MikhailichenkoAI.Sprint3.Task3.V28.Test.csproj" />
    <Project Path="Tyuiu.MikhailichenkoAI.Sprint3.Task3.V28/Tyuiu.MikhailichenkoAI.Sprint3.Task3.V28.csproj" />
  </Folder>
  <Folder Name="/Task4/">
    <Project Path="Tyuiu.MikhailichenkoAI.Sprint3.Task4.V10.Lib/Tyuiu.MikhailichenkoAI.Sprint3.Task4.V10.Lib.csproj" />
    <Project Path="Tyuiu.MikhailichenkoAI.Sprint3.Task4.V10.Test/Tyuiu.MikhailichenkoAI.Sprint3.Task4.V10.Test.csproj" />
    <Project Path="Tyuiu.MikhailichenkoAI.Sprint3.Task4.V10/Tyuiu.MikhailichenkoAI.Sprint3.Task4.V10.csproj" />
  </Folder>
  <Folder Name="/Task5/">
    <Project Path="Tyuiu.MikhailichenkoAI.Sprint3.Task5.V7.Lib/Tyuiu.MikhailichenkoAI.Sprint3.Task5.V7.Lib.csproj" />
    <Project Path="Tyuiu.MikhailichenkoAI.Sprint3.Task5.V7.Test/Tyuiu.MikhailichenkoAI.Sprint3.Task5.V7.Test.csproj" />
    <Project Path="Tyuiu.MikhailichenkoAI.Sprint3.Task5.V7/Tyuiu.MikhailichenkoAI.Sprint3.Task5.V7.csproj" />
  </Folder>
  <Folder Name="/Task6/">
    <Project Path="Tyuiu.MikhailichenkoAI.Sprint3.Task6.V5.Lib/Tyuiu.MikhailichenkoAI.Sprint3.Task6.V5.Lib.csproj" />
    <Project Path="Tyuiu.MikhailichenkoAI.Sprint3.Task6.V5.Test/Tyuiu.MikhailichenkoAI.Sprint3.Task6.V5.Test.csproj" />
    <Project Path="Tyuiu.MikhailichenkoAI.Sprint3.Task6.V5/Tyuiu.MikhailichenkoAI.Sprint3.Task6.V5.csproj" />
  </Folder>
  <Folder Name="/Task7/">
    <Project Path="Tyuiu.MikhailichenkoAI.Sprint3.Task7.V17.Lib/Tyuiu.MikhailichenkoAI.Sprint3.Task7.V17.Lib.csproj" />
    <Project Path="Tyuiu.MikhailichenkoAI.Sprint3.Task7.V17.Test/Tyuiu.MikhailichenkoAI.Sprint3.Task7.V17.Test.csproj" />
    <Project Path="Tyuiu.MikhailichenkoAI.Sprint3.Task7.V17/Tyuiu.MikhailichenkoAI.Sprint3.Task7.V17.csproj" />
  </Folder>
</Solution>
